
Microsoft Visual Studio Solution File, Format Version 12.00
# Visual Studio Version 17
VisualStudioVersion = 17.1.32421.90
MinimumVisualStudioVersion = 10.0.40219.1
Project("{9A19103F-16F7-4668-BE54-9A1E7A4F7556}") = "SeleniumFundamental", "SeeniumFundamental\SeleniumFundamental.csproj", "{245FC3F8-D68A-4942-B030-5A2C13AE9BEE}"
EndProject
Project("{FAE04EC0-301F-11D3-BF4B-00C04F79EFBC}") = "SeleniumFrameworkusingCSharp", "SeleniumFrameworkusingCSharp\SeleniumFrameworkusingCSharp.csproj", "{B0DDD71C-F885-47D2-9618-DC53436A55E1}"
EndProject
Global
	GlobalSection(SolutionConfigurationPlatforms) = preSolution
		Debug|Any CPU = Debug|Any CPU
		Release|Any CPU = Release|Any CPU
	EndGlobalSection
	GlobalSection(ProjectConfigurationPlatforms) = postSolution
		{245FC3F8-D68A-4942-B030-5A2C13AE9BEE}.Debug|Any CPU.ActiveCfg = Debug|Any CPU
		{245FC3F8-D68A-4942-B030-5A2C13AE9BEE}.Debug|Any CPU.Build.0 = Debug|Any CPU
		{245FC3F8-D68A-4942-B030-5A2C13AE9BEE}.Release|Any CPU.ActiveCfg = Release|Any CPU
		{245FC3F8-D68A-4942-B030-5A2C13AE9BEE}.Release|Any CPU.Build.0 = Release|Any CPU
		{B0DDD71C-F885-47D2-9618-DC53436A55E1}.Debug|Any CPU.ActiveCfg = Debug|Any CPU
		{B0DDD71C-F885-47D2-9618-DC53436A55E1}.Debug|Any CPU.Build.0 = Debug|Any CPU
		{B0DDD71C-F885-47D2-9618-DC53436A55E1}.Release|Any CPU.ActiveCfg = Release|Any CPU
		{B0DDD71C-F885-47D2-9618-DC53436A55E1}.Release|Any CPU.Build.0 = Release|Any CPU
	EndGlobalSection
	GlobalSection(SolutionProperties) = preSolution
		HideSolutionNode = FALSE
	EndGlobalSection
	GlobalSection(ExtensibilityGlobals) = postSolution
		SolutionGuid = {F7C609C7-9015-4EB1-BD0D-69C2AA8B20EE}
	EndGlobalSection
EndGlobal
